// !$*UTF8*$!
{
	archiveVersion = 1;
	classes = {
	};
	objectVersion = 46;
	objects = {

/* Begin PBXBuildFile section */
		1D69A6AA1D5E1BDD00D0928F /* AppDelegate.swift in Sources */ = {isa = PBXBuildFile; fileRef = 1D69A6A91D5E1BDD00D0928F /* AppDelegate.swift */; };
		1D69A6AC1D5E1BDD00D0928F /* ViewController.swift in Sources */ = {isa = PBXBuildFile; fileRef = 1D69A6AB1D5E1BDD00D0928F /* ViewController.swift */; };
		1D69A6AF1D5E1BDD00D0928F /* Main.storyboard in Resources */ = {isa = PBXBuildFile; fileRef = 1D69A6AD1D5E1BDD00D0928F /* Main.storyboard */; };
		1D69A6B11D5E1BDD00D0928F /* Assets.xcassets in Resources */ = {isa = PBXBuildFile; fileRef = 1D69A6B01D5E1BDD00D0928F /* Assets.xcassets */; };
		1D69A6B41D5E1BDD00D0928F /* LaunchScreen.storyboard in Resources */ = {isa = PBXBuildFile; fileRef = 1D69A6B21D5E1BDD00D0928F /* LaunchScreen.storyboard */; };
		1D69A6BF1D5E1BDD00D0928F /* SwiftPHPMySQLTests.swift in Sources */ = {isa = PBXBuildFile; fileRef = 1D69A6BE1D5E1BDD00D0928F /* SwiftPHPMySQLTests.swift */; };
		1D69A6CA1D5E1BDD00D0928F /* SwiftPHPMySQLUITests.swift in Sources */ = {isa = PBXBuildFile; fileRef = 1D69A6C91D5E1BDD00D0928F /* SwiftPHPMySQLUITests.swift */; };
/* End PBXBuildFile section */

/* Begin PBXContainerItemProxy section */
		1D69A6BB1D5E1BDD00D0928F /* PBXContainerItemProxy */ = {
			isa = PBXContainerItemProxy;
			containerPortal = 1D69A69E1D5E1BDD00D0928F /* Project object */;
			proxyType = 1;
			remoteGlobalIDString = 1D69A6A51D5E1BDD00D0928F;
			remoteInfo = SwiftPHPMySQL;
		};
		1D69A6C61D5E1BDD00D0928F /* PBXContainerItemProxy */ = {
			isa = PBXContainerItemProxy;
			containerPortal = 1D69A69E1D5E1BDD00D0928F /* Project object */;
			proxyType = 1;
			remoteGlobalIDString = 1D69A6A51D5E1BDD00D0928F;
			remoteInfo = SwiftPHPMySQL;
		};
/* End PBXContainerItemProxy section */

/* Begin PBXFileReference section */
		1D69A6A61D5E1BDD00D0928F /* SwiftPHPMySQL.app */ = {isa = PBXFileReference; explicitFileType = wrapper.application; includeInIndex = 0; path = SwiftPHPMySQL.app; sourceTree = BUILT_PRODUCTS_DIR; };
		1D69A6A91D5E1BDD00D0928F /* AppDelegate.swift */ = {isa = PBXFileReference; lastKnownFileType = sourcecode.swift; path = AppDelegate.swift; sourceTree = "<group>"; };
		1D69A6AB1D5E1BDD00D0928F /* ViewController.swift */ = {isa = PBXFileReference; lastKnownFileType = sourcecode.swift; path = ViewController.swift; sourceTree = "<group>"; };
		1D69A6AE1D5E1BDD00D0928F /* Base */ = {isa = PBXFileReference; lastKnownFileType = file.storyboard; name = Base; path = Base.lproj/Main.storyboard; sourceTree = "<group>"; };
		1D69A6B01D5E1BDD00D0928F /* Assets.xcassets */ = {isa = PBXFileReference; lastKnownFileType = folder.assetcatalog; path = Assets.xcassets; sourceTree = "<group>"; };
		1D69A6B31D5E1BDD00D0928F /* Base */ = {isa = PBXFileReference; lastKnownFileType = file.storyboard; name = Base; path = Base.lproj/LaunchScreen.storyboard; sourceTree = "<group>"; };
		1D69A6B51D5E1BDD00D0928F /* Info.plist */ = {isa = PBXFileReference; lastKnownFileType = text.plist.xml; path = Info.plist; sourceTree = "<group>"; };
		1D69A6BA1D5E1BDD00D0928F /* SwiftPHPMySQLTests.xctest */ = {isa = PBXFileReference; explicitFileType = wrapper.cfbundle; includeInIndex = 0; path = SwiftPHPMySQLTests.xctest; sourceTree = BUILT_PRODUCTS_DIR; };
		1D69A6BE1D5E1BDD00D0928F /* SwiftPHPMySQLTests.swift */ = {isa = PBXFileReference; lastKnownFileType = sourcecode.swift; path = SwiftPHPMySQLTests.swift; sourceTree = "<group>"; };
		1D69A6C01D5E1BDD00D0928F /* Info.plist */ = {isa = PBXFileReference; lastKnownFileType = text.plist.xml; path = Info.plist; sourceTree = "<group>"; };
		1D69A6C51D5E1BDD00D0928F /* SwiftPHPMySQLUITests.xctest */ = {isa = PBXFileReference; explicitFileType = wrapper.cfbundle; includeInIndex = 0; path = SwiftPHPMySQLUITests.xctest; sourceTree = BUILT_PRODUCTS_DIR; };
		1D69A6C91D5E1BDD00D0928F /* SwiftPHPMySQLUITests.swift */ = {isa = PBXFileReference; lastKnownFileType = sourcecode.swift; path = SwiftPHPMySQLUITests.swift; sourceTree = "<group>"; };
		1D69A6CB1D5E1BDD00D0928F /* Info.plist */ = {isa = PBXFileReference; lastKnownFileType = text.plist.xml; path = Info.plist; sourceTree = "<group>"; };
/* End PBXFileReference section */

/* Begin PBXFrameworksBuildPhase section */
		1D69A6A31D5E1BDD00D0928F /* Frameworks */ = {
			isa = PBXFrameworksBuildPhase;
			buildActionMask = 2147483647;
			files = (
			);
			runOnlyForDeploymentPostprocessing = 0;
		};
		1D69A6B71D5E1BDD00D0928F /* Frameworks */ = {
			isa = PBXFrameworksBuildPhase;
			buildActionMask = 2147483647;
			files = (
			);
			runOnlyForDeploymentPostprocessing = 0;
		};
		1D69A6C21D5E1BDD00D0928F /* Frameworks */ = {
			isa = PBXFrameworksBuildPhase;
			buildActionMask = 2147483647;
			files = (
			);
			runOnlyForDeploymentPostprocessing = 0;
		};
/* End PBXFrameworksBuildPhase section */

/* Begin PBXGroup section */
		1D69A69D1D5E1BDD00D0928F = {
			isa = PBXGroup;
			children = (
				1D69A6A81D5E1BDD00D0928F /* SwiftPHPMySQL */,
				1D69A6BD1D5E1BDD00D0928F /* SwiftPHPMySQLTests */,
				1D69A6C81D5E1BDD00D0928F /* SwiftPHPMySQLUITests */,
				1D69A6A71D5E1BDD00D0928F /* Products */,
			);
			sourceTree = "<group>";
		};
		1D69A6A71D5E1BDD00D0928F /* Products */ = {
			isa = PBXGroup;
			children = (
				1D69A6A61D5E1BDD00D0928F /* SwiftPHPMySQL.app */,
				1D69A6BA1D5E1BDD00D0928F /* SwiftPHPMySQLTests.xctest */,
				1D69A6C51D5E1BDD00D0928F /* SwiftPHPMySQLUITests.xctest */,
			);
			name = Products;
			sourceTree = "<group>";
		};
		1D69A6A81D5E1BDD00D0928F /* SwiftPHPMySQL */ = {
			isa = PBXGroup;
			children = (
				1D69A6A91D5E1BDD00D0928F /* AppDelegate.swift */,
				1D69A6AB1D5E1BDD00D0928F /* ViewController.swift */,
				1D69A6AD1D5E1BDD00D0928F /* Main.storyboard */,
				1D69A6B01D5E1BDD00D0928F /* Assets.xcassets */,
				1D69A6B21D5E1BDD00D0928F /* LaunchScreen.storyboard */,
				1D69A6B51D5E1BDD00D0928F /* Info.plist */,
			);
			path = SwiftPHPMySQL;
			sourceTree = "<group>";
		};
		1D69A6BD1D5E1BDD00D0928F /* SwiftPHPMySQLTests */ = {
			isa = PBXGroup;
			children = (
				1D69A6BE1D5E1BDD00D0928F /* SwiftPHPMySQLTests.swift */,
				1D69A6C01D5E1BDD00D0928F /* Info.plist */,
			);
			path = SwiftPHPMySQLTests;
			sourceTree = "<group>";
		};
		1D69A6C81D5E1BDD00D0928F /* SwiftPHPMySQLUITests */ = {
			isa = PBXGroup;
			children = (
				1D69A6C91D5E1BDD00D0928F /* SwiftPHPMySQLUITests.swift */,
				1D69A6CB1D5E1BDD00D0928F /* Info.plist */,
			);
			path = SwiftPHPMySQLUITests;
			sourceTree = "<group>";
		};
/* End PBXGroup section */

/* Begin PBXNativeTarget section */
		1D69A6A51D5E1BDD00D0928F /* SwiftPHPMySQL */ = {
			isa = PBXNativeTarget;
			buildConfigurationList = 1D69A6CE1D5E1BDD00D0928F /* Build configuration list for PBXNativeTarget "SwiftPHPMySQL" */;
			buildPhases = (
				1D69A6A21D5E1BDD00D0928F /* Sources */,
				1D69A6A31D5E1BDD00D0928F /* Frameworks */,
				1D69A6A41D5E1BDD00D0928F /* Resources */,
			);
			buildRules = (
			);
			dependencies = (
			);
			name = SwiftPHPMySQL;
			productName = SwiftPHPMySQL;
			productReference = 1D69A6A61D5E1BDD00D0928F /* SwiftPHPMySQL.app */;
			productType = "com.apple.product-type.application";
		};
		1D69A6B91D5E1BDD00D0928F /* SwiftPHPMySQLTests */ = {
			isa = PBXNativeTarget;
			buildConfigurationList = 1D69A6D11D5E1BDD00D0928F /* Build configuration list for PBXNativeTarget "SwiftPHPMySQLTests" */;
			buildPhases = (
				1D69A6B61D5E1BDD00D0928F /* Sources */,
				1D69A6B71D5E1BDD00D0928F /* Frameworks */,
				1D69A6B81D5E1BDD00D0928F /* Resources */,
			);
			buildRules = (
			);
			dependencies = (
				1D69A6BC1D5E1BDD00D0928F /* PBXTargetDependency */,
			);
			name = SwiftPHPMySQLTests;
			productName = SwiftPHPMySQLTests;
			productReference = 1D69A6BA1D5E1BDD00D0928F /* SwiftPHPMySQLTests.xctest */;
			productType = "com.apple.product-type.bundle.unit-test";
		};
		1D69A6C41D5E1BDD00D0928F /* SwiftPHPMySQLUITests */ = {
			isa = PBXNativeTarget;
			buildConfigurationList = 1D69A6D41D5E1BDD00D0928F /* Build configuration list for PBXNativeTarget "SwiftPHPMySQLUITests" */;
			buildPhases = (
				1D69A6C11D5E1BDD00D0928F /* Sources */,
				1D69A6C21D5E1BDD00D0928F /* Frameworks */,
				1D69A6C31D5E1BDD00D0928F /* Resources */,
			);
			buildRules = (
			);
			dependencies = (
				1D69A6C71D5E1BDD00D0928F /* PBXTargetDependency */,
			);
			name = SwiftPHPMySQLUITests;
			productName = SwiftPHPMySQLUITests;
			productReference = 1D69A6C51D5E1BDD00D0928F /* SwiftPHPMySQLUITests.xctest */;
			productType = "com.apple.product-type.bundle.ui-testing";
		};
/* End PBXNativeTarget section */

/* Begin PBXProject section */
		1D69A69E1D5E1BDD00D0928F /* Project object */ = {
			isa = PBXProject;
			attributes = {
				LastSwiftUpdateCheck = 0730;
				LastUpgradeCheck = 0730;
				ORGANIZATIONNAME = "Belal Khan";
				TargetAttributes = {
					1D69A6A51D5E1BDD00D0928F = {
						CreatedOnToolsVersion = 7.3.1;
					};
					1D69A6B91D5E1BDD00D0928F = {
						CreatedOnToolsVersion = 7.3.1;
						TestTargetID = 1D69A6A51D5E1BDD00D0928F;
					};
					1D69A6C41D5E1BDD00D0928F = {
						CreatedOnToolsVersion = 7.3.1;
						TestTargetID = 1D69A6A51D5E1BDD00D0928F;
					};
				};
			};
			buildConfigurationList = 1D69A6A11D5E1BDD00D0928F /* Build configuration list for PBXProject "SwiftPHPMySQL" */;
			compatibilityVersion = "Xcode 3.2";
			developmentRegion = English;
			hasScannedForEncodings = 0;
			knownRegions = (
				en,
				Base,
			);
			mainGroup = 1D69A69D1D5E1BDD00D0928F;
			productRefGroup = 1D69A6A71D5E1BDD00D0928F /* Products */;
			projectDirPath = "";
			projectRoot = "";
			targets = (
				1D69A6A51D5E1BDD00D0928F /* SwiftPHPMySQL */,
				1D69A6B91D5E1BDD00D0928F /* SwiftPHPMySQLTests */,
				1D69A6C41D5E1BDD00D0928F /* SwiftPHPMySQLUITests */,
			);
		};
/* End PBXProject section */

/* Begin PBXResourcesBuildPhase section */
		1D69A6A41D5E1BDD00D0928F /* Resources */ = {
			isa = PBXResourcesBuildPhase;
			buildActionMask = 2147483647;
			files = (
				1D69A6B41D5E1BDD00D0928F /* LaunchScreen.storyboard in Resources */,
				1D69A6B11D5E1BDD00D0928F /* Assets.xcassets in Resources */,
				1D69A6AF1D5E1BDD00D0928F /* Main.storyboard in Resources */,
			);
			runOnlyForDeploymentPostprocessing = 0;
		};
		1D69A6B81D5E1BDD00D0928F /* Resources */ = {
			isa = PBXResourcesBuildPhase;
			buildActionMask = 2147483647;
			files = (
			);
			runOnlyForDeploymentPostprocessing = 0;
		};
		1D69A6C31D5E1BDD00D0928F /* Resources */ = {
			isa = PBXResourcesBuildPhase;
			buildActionMask = 2147483647;
			files = (
			);
			runOnlyForDeploymentPostprocessing = 0;
		};
/* End PBXResourcesBuildPhase section */

/* Begin PBXSourcesBuildPhase section */
		1D69A6A21D5E1BDD00D0928F /* Sources */ = {
			isa = PBXSourcesBuildPhase;
			buildActionMask = 2147483647;
			files = (
				1D69A6AC1D5E1BDD00D0928F /* ViewController.swift in Sources */,
				1D69A6AA1D5E1BDD00D0928F /* AppDelegate.swift in Sources */,
			);
			runOnlyForDeploymentPostprocessing = 0;
		};
		1D69A6B61D5E1BDD00D0928F /* Sources */ = {
			isa = PBXSourcesBuildPhase;
			buildActionMask = 2147483647;
			files = (
				1D69A6BF1D5E1BDD00D0928F /* SwiftPHPMySQLTests.swift in Sources */,
			);
			runOnlyForDeploymentPostprocessing = 0;
		};
		1D69A6C11D5E1BDD00D0928F /* Sources */ = {
			isa = PBXSourcesBuildPhase;
			buildActionMask = 2147483647;
			files = (
				1D69A6CA1D5E1BDD00D0928F /* SwiftPHPMySQLUITests.swift in Sources */,
			);
			runOnlyForDeploymentPostprocessing = 0;
		};
/* End PBXSourcesBuildPhase section */

/* Begin PBXTargetDependency section */
		1D69A6BC1D5E1BDD00D0928F /* PBXTargetDependency */ = {
			isa = PBXTargetDependency;
			target = 1D69A6A51D5E1BDD00D0928F /* SwiftPHPMySQL */;
			targetProxy = 1D69A6BB1D5E1BDD00D0928F /* PBXContainerItemProxy */;
		};
		1D69A6C71D5E1BDD00D0928F /* PBXTargetDependency */ = {
			isa = PBXTargetDependency;
			target = 1D69A6A51D5E1BDD00D0928F /* SwiftPHPMySQL */;
			targetProxy = 1D69A6C61D5E1BDD00D0928F /* PBXContainerItemProxy */;
		};
/* End PBXTargetDependency section */

/* Begin PBXVariantGroup section */
		1D69A6AD1D5E1BDD00D0928F /* Main.storyboard */ = {
			isa = PBXVariantGroup;
			children = (
				1D69A6AE1D5E1BDD00D0928F /* Base */,
			);
			name = Main.storyboard;
			sourceTree = "<group>";
		};
		1D69A6B21D5E1BDD00D0928F /* LaunchScreen.storyboard */ = {
			isa = PBXVariantGroup;
			children = (
				1D69A6B31D5E1BDD00D0928F /* Base */,
			);
			name = LaunchScreen.storyboard;
			sourceTree = "<group>";
		};
/* End PBXVariantGroup section */

/* Begin XCBuildConfiguration section */
		1D69A6CC1D5E1BDD00D0928F /* Debug */ = {
			isa = XCBuildConfiguration;
			buildSettings = {
				ALWAYS_SEARCH_USER_PATHS = NO;
				CLANG_ANALYZER_NONNULL = YES;
				CLANG_CXX_LANGUAGE_STANDARD = "gnu++0x";
				CLANG_CXX_LIBRARY = "libc++";
				CLANG_ENABLE_MODULES = YES;
				CLANG_ENABLE_OBJC_ARC = YES;
				CLANG_WARN_BOOL_CONVERSION = YES;
				CLANG_WARN_CONSTANT_CONVERSION = YES;
				CLANG_WARN_DIRECT_OBJC_ISA_USAGE = YES_ERROR;
				CLANG_WARN_EMPTY_BODY = YES;
				CLANG_WARN_ENUM_CONVERSION = YES;
				CLANG_WARN_INT_CONVERSION = YES;
				CLANG_WARN_OBJC_ROOT_CLASS = YES_ERROR;
				CLANG_WARN_UNREACHABLE_CODE = YES;
				CLANG_WARN__DUPLICATE_METHOD_MATCH = YES;
				"CODE_SIGN_IDENTITY[sdk=iphoneos*]" = "iPhone Developer";
				COPY_PHASE_STRIP = NO;
				DEBUG_INFORMATION_FORMAT = dwarf;
				ENABLE_STRICT_OBJC_MSGSEND = YES;
				ENABLE_TESTABILITY = YES;
				GCC_C_LANGUAGE_STANDARD = gnu99;
				GCC_DYNAMIC_NO_PIC = NO;
				GCC_NO_COMMON_BLOCKS = YES;
				GCC_OPTIMIZATION_LEVEL = 0;
				GCC_PREPROCESSOR_DEFINITIONS = (
					"DEBUG=1",
					"$(inherited)",
				);
				GCC_WARN_64_TO_32_BIT_CONVERSION = YES;
				GCC_WARN_ABOUT_RETURN_TYPE = YES_ERROR;
				GCC_WARN_UNDECLARED_SELECTOR = YES;
				GCC_WARN_UNINITIALIZED_AUTOS = YES_AGGRESSIVE;
				GCC_WARN_UNUSED_FUNCTION = YES;
				GCC_WARN_UNUSED_VARIABLE = YES;
				IPHONEOS_DEPLOYMENT_TARGET = 9.3;
				MTL_ENABLE_DEBUG_INFO = YES;
				ONLY_ACTIVE_ARCH = YES;
				SDKROOT = iphoneos;
				SWIFT_OPTIMIZATION_LEVEL = "-Onone";
			};
			name = Debug;
		};
		1D69A6CD1D5E1BDD00D0928F /* Release */ = {
			isa = XCBuildConfiguration;
			buildSettings = {
				ALWAYS_SEARCH_USER_PATHS = NO;
				CLANG_ANALYZER_NONNULL = YES;
				CLANG_CXX_LANGUAGE_STANDARD = "gnu++0x";
				CLANG_CXX_LIBRARY = "libc++";
				CLANG_ENABLE_MODULES = YES;
				CLANG_ENABLE_OBJC_ARC = YES;
				CLANG_WARN_BOOL_CONVERSION = YES;
				CLANG_WARN_CONSTANT_CONVERSION = YES;
				CLANG_WARN_DIRECT_OBJC_ISA_USAGE = YES_ERROR;
				CLANG_WARN_EMPTY_BODY = YES;
				CLANG_WARN_ENUM_CONVERSION = YES;
				CLANG_WARN_INT_CONVERSION = YES;
				CLANG_WARN_OBJC_ROOT_CLASS = YES_ERROR;
				CLANG_WARN_UNREACHABLE_CODE = YES;
				CLANG_WARN__DUPLICATE_METHOD_MATCH = YES;
				"CODE_SIGN_IDENTITY[sdk=iphoneos*]" = "iPhone Developer";
				COPY_PHASE_STRIP = NO;
				DEBUG_INFORMATION_FORMAT = "dwarf-with-dsym";
				ENABLE_NS_ASSERTIONS = NO;
				ENABLE_STRICT_OBJC_MSGSEND = YES;
				GCC_C_LANGUAGE_STANDARD = gnu99;
				GCC_NO_COMMON_BLOCKS = YES;
				GCC_WARN_64_TO_32_BIT_CONVERSION = YES;
				GCC_WARN_ABOUT_RETURN_TYPE = YES_ERROR;
				GCC_WARN_UNDECLARED_SELECTOR = YES;
				GCC_WARN_UNINITIALIZED_AUTOS = YES_AGGRESSIVE;
				GCC_WARN_UNUSED_FUNCTION = YES;
				GCC_WARN_UNUSED_VARIABLE = YES;
				IPHONEOS_DEPLOYMENT_TARGET = 9.3;
				MTL_ENABLE_DEBUG_INFO = NO;
				SDKROOT = iphoneos;
				VALIDATE_PRODUCT = YES;
			};
			name = Release;
		};
		1D69A6CF1D5E1BDD00D0928F /* Debug */ = {
			isa = XCBuildConfiguration;
			buildSettings = {
				ASSETCATALOG_COMPILER_APPICON_NAME = AppIcon;
				INFOPLIST_FILE = SwiftPHPMySQL/Info.plist;
				LD_RUNPATH_SEARCH_PATHS = "$(inherited) @executable_path/Frameworks";
				PRODUCT_BUNDLE_IDENTIFIER = simplifiedcoding.net.SwiftPHPMySQL;
				PRODUCT_NAME = "$(TARGET_NAME)";
			};
			name = Debug;
		};
		1D69A6D01D5E1BDD00D0928F /* Release */ = {
			isa = XCBuildConfiguration;
			buildSettings = {
				ASSETCATALOG_COMPILER_APPICON_NAME = AppIcon;
				INFOPLIST_FILE = SwiftPHPMySQL/Info.plist;
				LD_RUNPATH_SEARCH_PATHS = "$(inherited) @executable_path/Frameworks";
				PRODUCT_BUNDLE_IDENTIFIER = simplifiedcoding.net.SwiftPHPMySQL;
				PRODUCT_NAME = "$(TARGET_NAME)";
			};
			name = Release;
		};
		1D69A6D21D5E1BDD00D0928F /* Debug */ = {
			isa = XCBuildConfiguration;
			buildSettings = {
				BUNDLE_LOADER = "$(TEST_HOST)";
				INFOPLIST_FILE = SwiftPHPMySQLTests/Info.plist;
				LD_RUNPATH_SEARCH_PATHS = "$(inherited) @executable_path/Frameworks @loader_path/Frameworks";
				PRODUCT_BUNDLE_IDENTIFIER = simplifiedcoding.net.SwiftPHPMySQLTests;
				PRODUCT_NAME = "$(TARGET_NAME)";
				TEST_HOST = "$(BUILT_PRODUCTS_DIR)/SwiftPHPMySQL.app/SwiftPHPMySQL";
			};
			name = Debug;
		};
		1D69A6D31D5E1BDD00D0928F /* Release */ = {
			isa = XCBuildConfiguration;
			buildSettings = {
				BUNDLE_LOADER = "$(TEST_HOST)";
				INFOPLIST_FILE = SwiftPHPMySQLTests/Info.plist;
				LD_RUNPATH_SEARCH_PATHS = "$(inherited) @executable_path/Frameworks @loader_path/Frameworks";
				PRODUCT_BUNDLE_IDENTIFIER = simplifiedcoding.net.SwiftPHPMySQLTests;
				PRODUCT_NAME = "$(TARGET_NAME)";
				TEST_HOST = "$(BUILT_PRODUCTS_DIR)/SwiftPHPMySQL.app/SwiftPHPMySQL";
			};
			name = Release;
		};
		1D69A6D51D5E1BDD00D0928F /* Debug */ = {
			isa = XCBuildConfiguration;
			buildSettings = {
				INFOPLIST_FILE = SwiftPHPMySQLUITests/Info.plist;
				LD_RUNPATH_SEARCH_PATHS = "$(inherited) @executable_path/Frameworks @loader_path/Frameworks";
				PRODUCT_BUNDLE_IDENTIFIER = simplifiedcoding.net.SwiftPHPMySQLUITests;
				PRODUCT_NAME = "$(TARGET_NAME)";
				TEST_TARGET_NAME = SwiftPHPMySQL;
			};
			name = Debug;
		};
		1D69A6D61D5E1BDD00D0928F /* Release */ = {
			isa = XCBuildConfiguration;
			buildSettings = {
				INFOPLIST_FILE = SwiftPHPMySQLUITests/Info.plist;
				LD_RUNPATH_SEARCH_PATHS = "$(inherited) @executable_path/Frameworks @loader_path/Frameworks";
				PRODUCT_BUNDLE_IDENTIFIER = simplifiedcoding.net.SwiftPHPMySQLUITests;
				PRODUCT_NAME = "$(TARGET_NAME)";
				TEST_TARGET_NAME = SwiftPHPMySQL;
			};
			name = Release;
		};
/* End XCBuildConfiguration section */

/* Begin XCConfigurationList section */
		1D69A6A11D5E1BDD00D0928F /* Build configuration list for PBXProject "SwiftPHPMySQL" */ = {
			isa = XCConfigurationList;
			buildConfigurations = (
				1D69A6CC1D5E1BDD00D0928F /* Debug */,
				1D69A6CD1D5E1BDD00D0928F /* Release */,
			);
			defaultConfigurationIsVisible = 0;
			defaultConfigurationName = Release;
		};
		1D69A6CE1D5E1BDD00D0928F /* Build configuration list for PBXNativeTarget "SwiftPHPMySQL" */ = {
			isa = XCConfigurationList;
			buildConfigurations = (
				1D69A6CF1D5E1BDD00D0928F /* Debug */,
				1D69A6D01D5E1BDD00D0928F /* Release */,
			);
			defaultConfigurationIsVisible = 0;
		};
		1D69A6D11D5E1BDD00D0928F /* Build configuration list for PBXNativeTarget "SwiftPHPMySQLTests" */ = {
			isa = XCConfigurationList;
			buildConfigurations = (
				1D69A6D21D5E1BDD00D0928F /* Debug */,
				1D69A6D31D5E1BDD00D0928F /* Release */,
			);
			defaultConfigurationIsVisible = 0;
		};
		1D69A6D41D5E1BDD00D0928F /* Build configuration list for PBXNativeTarget "SwiftPHPMySQLUITests" */ = {
			isa = XCConfigurationList;
			buildConfigurations = (
				1D69A6D51D5E1BDD00D0928F /* Debug */,
				1D69A6D61D5E1BDD00D0928F /* Release */,
			);
			defaultConfigurationIsVisible = 0;
		};
/* End XCConfigurationList section */
	};
	rootObject = 1D69A69E1D5E1BDD00D0928F /* Project object */;
}
